[["version","1"]]
["","container.from",["docker.io/denoland/deno:latest","linux/arm64"],"sha256:6288db6be1c26473bb9d1843f906d9a219c0dda57fd85de4aac90296951cf6ef","pin"]
["","container.from",["docker.io/library/caddy:2-alpine","linux/arm64"],"sha256:5f5c8640aae01df9654968d946d8f1a56c497f1dd5c5cda4cf95ab7c14d58648","pin"]
["","container.from",["docker.io/library/node:latest","linux/arm64"],"sha256:0473e7dc433a1310f436edee02aa79737ec78a4b345433ab0963d4a256f9ad85","pin"]
["","container.from",["docker.io/library/rust:1.97-trixie","linux/arm64"],"sha256:9a2cd304a852f05d3352f75bc2775242371c0169a72dbb40d5d881379d571989","pin"]
["","container.from",["docker.io/oven/bun:latest","linux/arm64"],"sha256:e10577f0db68676a7024391c6e5cb4b879ebd17188ab750cf10024a6d700e5c4","pin"]
["","git.head",["https://github.com/rustsec/advisory-db.git"],"b5fc89b8be99e96f79194d8a6f11e9b4143b99f0","float"]
["","git.head",["https://github.com/sagikazarmark/daggerverse-beta"],"e96ac15774c610fdc1809f3baa06816756fbdabc","float"]
