[["version","1"]]
["","container.from",["docker.io/denoland/deno:latest","linux/amd64"],"sha256:c777b4b225501a61074837e90a826a58f99124837824023cd60334b1e2374498","pin"]
["","container.from",["docker.io/denoland/deno:latest","linux/arm64"],"sha256:6288db6be1c26473bb9d1843f906d9a219c0dda57fd85de4aac90296951cf6ef","pin"]
["","container.from",["docker.io/library/caddy:2-alpine","linux/amd64"],"sha256:5f5c8640aae01df9654968d946d8f1a56c497f1dd5c5cda4cf95ab7c14d58648","pin"]
["","container.from",["docker.io/library/caddy:2-alpine","linux/arm64"],"sha256:5f5c8640aae01df9654968d946d8f1a56c497f1dd5c5cda4cf95ab7c14d58648","pin"]
["","container.from",["docker.io/library/node:latest","linux/amd64"],"sha256:0473e7dc433a1310f436edee02aa79737ec78a4b345433ab0963d4a256f9ad85","pin"]
["","container.from",["docker.io/library/node:latest","linux/arm64"],"sha256:0473e7dc433a1310f436edee02aa79737ec78a4b345433ab0963d4a256f9ad85","pin"]
["","container.from",["docker.io/library/rust:1.97-slim-trixie","linux/amd64"],"sha256:5c6f46a6e4472ab1ca7ba7d494e6677f2f219ebc02f32025d3986f057635ec9c","pin"]
["","container.from",["docker.io/library/rust:1.97-trixie","linux/amd64"],"sha256:1bcff4befb740599103a2c7cb51058e14479b2e35e3a34a3f0dc4ede09927488","pin"]
["","container.from",["docker.io/library/rust:1.97-trixie","linux/arm64"],"sha256:9a2cd304a852f05d3352f75bc2775242371c0169a72dbb40d5d881379d571989","pin"]
["","container.from",["docker.io/oven/bun:latest","linux/amd64"],"sha256:e10577f0db68676a7024391c6e5cb4b879ebd17188ab750cf10024a6d700e5c4","pin"]
["","container.from",["docker.io/oven/bun:latest","linux/arm64"],"sha256:e10577f0db68676a7024391c6e5cb4b879ebd17188ab750cf10024a6d700e5c4","pin"]
["","container.from",["ghcr.io/sagikazarmark/dang:latest","linux/amd64"],"sha256:6b4250eb5b48a709c5e63e24465d183e8aefcd4c8a727e4a8d0a90f5a7c00a7b","pin"]
["","git.head",["https://github.com/rustsec/advisory-db.git"],"1abf7a8c1822223a38e99f652bc232071c44a86d","float"]
["","git.head",["https://github.com/sagikazarmark/daggerverse-beta"],"124c60b10d3e728fa8a250dc10450e545423dc56","float"]